
Microsoft Visual Studio Solution File, Format Version 12.00
# Visual Studio Version 16
VisualStudioVersion = 16.0.30621.155
MinimumVisualStudioVersion = 10.0.40219.1
Project("{FAE04EC0-301F-11D3-BF4B-00C04F79EFBC}") = "SchoolSystem", "SchoolSystem\SchoolSystem.csproj", "{01A39E75-B259-4D94-B3C8-1DF1F36403BE}"
EndProject
Global
	GlobalSection(SolutionConfigurationPlatforms) = preSolution
		Debug|Any CPU = Debug|Any CPU
		Release|Any CPU = Release|Any CPU
	EndGlobalSection
	GlobalSection(ProjectConfigurationPlatforms) = postSolution
		{01A39E75-B259-4D94-B3C8-1DF1F36403BE}.Debug|Any CPU.ActiveCfg = Debug|Any CPU
		{01A39E75-B259-4D94-B3C8-1DF1F36403BE}.Debug|Any CPU.Build.0 = Debug|Any CPU
		{01A39E75-B259-4D94-B3C8-1DF1F36403BE}.Release|Any CPU.ActiveCfg = Release|Any CPU
		{01A39E75-B259-4D94-B3C8-1DF1F36403BE}.Release|Any CPU.Build.0 = Release|Any CPU
	EndGlobalSection
	GlobalSection(SolutionProperties) = preSolution
		HideSolutionNode = FALSE
	EndGlobalSection
	GlobalSection(ExtensibilityGlobals) = postSolution
		SolutionGuid = {EA2826C6-DE31-408B-873E-424D559EA3C3}
	EndGlobalSection
EndGlobal
